
Microsoft Visual Studio Solution File, Format Version 12.00
# Visual Studio 15
VisualStudioVersion = 15.0.28010.2026
MinimumVisualStudioVersion = 10.0.40219.1
Project("{FAE04EC0-301F-11D3-BF4B-00C04F79EFBC}") = "TestWeb", "TestWeb\TestWeb.csproj", "{D057F006-BB4E-4065-B1A4-F0D4C070562C}"
EndProject
Global
	GlobalSection(SolutionConfigurationPlatforms) = preSolution
		Debug|Any CPU = Debug|Any CPU
		Release|Any CPU = Release|Any CPU
	EndGlobalSection
	GlobalSection(ProjectConfigurationPlatforms) = postSolution
		{D057F006-BB4E-4065-B1A4-F0D4C070562C}.Debug|Any CPU.ActiveCfg = Debug|Any CPU
		{D057F006-BB4E-4065-B1A4-F0D4C070562C}.Debug|Any CPU.Build.0 = Debug|Any CPU
		{D057F006-BB4E-4065-B1A4-F0D4C070562C}.Release|Any CPU.ActiveCfg = Release|Any CPU
		{D057F006-BB4E-4065-B1A4-F0D4C070562C}.Release|Any CPU.Build.0 = Release|Any CPU
	EndGlobalSection
	GlobalSection(SolutionProperties) = preSolution
		HideSolutionNode = FALSE
	EndGlobalSection
	GlobalSection(ExtensibilityGlobals) = postSolution
		SolutionGuid = {2600458E-A2B8-4AA0-9917-8D8DAA4E321D}
	EndGlobalSection
EndGlobal
